
Microsoft Visual Studio Solution File, Format Version 12.00
# Visual Studio Version 17
VisualStudioVersion = 17.5.33627.172
MinimumVisualStudioVersion = 10.0.40219.1
Project("{FAE04EC0-301F-11D3-BF4B-00C04F79EFBC}") = "Tema2PI", "Tema2PI\Tema2PI.csproj", "{B74D8474-C262-4FE3-87AC-1A37362AD434}"
EndProject
Global
	GlobalSection(SolutionConfigurationPlatforms) = preSolution
		Debug|Any CPU = Debug|Any CPU
		Release|Any CPU = Release|Any CPU
	EndGlobalSection
	GlobalSection(ProjectConfigurationPlatforms) = postSolution
		{B74D8474-C262-4FE3-87AC-1A37362AD434}.Debug|Any CPU.ActiveCfg = Debug|Any CPU
		{B74D8474-C262-4FE3-87AC-1A37362AD434}.Debug|Any CPU.Build.0 = Debug|Any CPU
		{B74D8474-C262-4FE3-87AC-1A37362AD434}.Release|Any CPU.ActiveCfg = Release|Any CPU
		{B74D8474-C262-4FE3-87AC-1A37362AD434}.Release|Any CPU.Build.0 = Release|Any CPU
	EndGlobalSection
	GlobalSection(SolutionProperties) = preSolution
		HideSolutionNode = FALSE
	EndGlobalSection
	GlobalSection(ExtensibilityGlobals) = postSolution
		SolutionGuid = {272C85CC-824B-4491-BE94-550F87BA5153}
	EndGlobalSection
EndGlobal
